{
  "name": "SimpleItem",
  "lockfileVersion": 3,
  "requires": true,
  "packages": {
    "": {
      "dependencies": {
        "pack-mc-2": "^1.0.0-beta"
      }
    },
    "node_modules/pack-mc-2": {
      "version": "1.0.0-beta",
      "resolved": "https://registry.npmjs.org/pack-mc-2/-/pack-mc-2-1.0.0-beta.tgz",
      "integrity": "sha512-OOaMVwAcYezjqDWpkQXxdu1JplcN9MI0nsXuOZMXhF9Oq9b0GS1Hov/LsY6MiTrrNZchTiTuoEDyJXgRpckcaw=="
    }
  }
}
